{
    "_readme": [
        "This file locks the dependencies of your project to a known state",
        "Read more about it at https://getcomposer.org/doc/01-basic-usage.md#composer-lock-the-lock-file",
        "This file is @generated automatically"
    ],
    "content-hash": "fa5478569a6f177543cfcd0f662f91e2",
    "packages": [
        {
            "name": "bacboslab/menueditor",
            "version": "3.2.2",
            "source": {
                "type": "git",
                "url": "https://github.com/bacbos/bolt-menu-editor.git",
                "reference": "959e6064ab11a66e0bbc319fc7338812441b100a"
            },
            "dist": {
                "type": "zip",
                "url": "https://api.github.com/repos/bacbos/bolt-menu-editor/zipball/959e6064ab11a66e0bbc319fc7338812441b100a",
                "reference": "959e6064ab11a66e0bbc319fc7338812441b100a",
                "shasum": ""
            },
            "require": {
                "bolt/bolt": "^3.1"
            },
            "require-dev": {
                "phpunit/phpunit": "^4.7"
            },
            "type": "bolt-extension",
            "extra": {
                "bolt-icon": "bolt-menu-editor.png",
                "bolt-assets": "web",
                "bolt-class": "Bolt\\Extension\\Bacboslab\\Menueditor\\MenueditorExtension",
                "bolt-screenshots": [
                    "screenshot.png",
                    "screenshot2.png"
                ]
            },
            "autoload": {
                "psr-4": {
                    "Bolt\\Extension\\Bacboslab\\Menueditor\\": "src"
                }
            },
            "autoload-dev": {
                "psr-4": {
                    "Bolt\\Extension\\Bacboslab\\Menueditor\\Tests\\": "tests",
                    "Bolt\\Tests\\": "vendor/bolt/bolt/tests/phpunit/unit/"
                }
            },
            "license": [
                "MIT"
            ],
            "authors": [
                {
                    "name": "Steven Wüthrich / bacbos lab",
                    "email": "hello@bacbos.ch",
                    "homepage": "http://bacbos.ch"
                },
                {
                    "name": "Svante Richter",
                    "email": "svante.richter@gmail.com"
                },
                {
                    "name": "Erwin Goossen",
                    "email": "erwin@navelpluisje.nl"
                }
            ],
            "description": "A visual menu editor for Bolt CMS",
            "keywords": [
                "admin",
                "editor",
                "menu",
                "tool",
                "visual"
            ],
            "support": {
                "source": "https://github.com/bacbos/bolt-menu-editor/tree/3.2.2",
                "issues": "https://github.com/bacbos/bolt-menu-editor/issues"
            },
            "time": "2017-07-26T21:07:59+00:00"
        },
        {
            "name": "bobdenotter/seo",
            "version": "1.0.6",
            "source": {
                "type": "git",
                "url": "https://github.com/bobdenotter/seo.git",
                "reference": "7ea8c3dbcb4a2c5e4fb92f292670ad946571485a"
            },
            "dist": {
                "type": "zip",
                "url": "https://api.github.com/repos/bobdenotter/seo/zipball/7ea8c3dbcb4a2c5e4fb92f292670ad946571485a",
                "reference": "7ea8c3dbcb4a2c5e4fb92f292670ad946571485a",
                "shasum": ""
            },
            "require": {
                "bolt/bolt": "^3.0"
            },
            "type": "bolt-extension",
            "extra": {
                "bolt-assets": "web",
                "bolt-class": "Bolt\\Extension\\BobdenOtter\\Seo\\SeoExtension"
            },
            "autoload": {
                "psr-4": {
                    "Bolt\\Extension\\BobdenOtter\\Seo\\": "src"
                }
            },
            "license": [
                "MIT"
            ],
            "authors": [
                {
                    "name": "Bob den Otter",
                    "email": "bob@twokings.nl"
                }
            ],
            "description": "An extension to easily manage SEO title, meta description and OG tags.",
            "support": {
                "source": "https://github.com/bobdenotter/seo/tree/1.0.6",
                "issues": "https://github.com/bobdenotter/seo/issues"
            },
            "time": "2017-11-02T13:10:16+00:00"
        },
        {
            "name": "bolt/boltforms",
            "version": "v4.1.14",
            "source": {
                "type": "git",
                "url": "https://github.com/bolt/boltforms.git",
                "reference": "febf11d4020af16a7e5981bb4ecdf4b42ae1e5d0"
            },
            "dist": {
                "type": "zip",
                "url": "https://api.github.com/repos/bolt/boltforms/zipball/febf11d4020af16a7e5981bb4ecdf4b42ae1e5d0",
                "reference": "febf11d4020af16a7e5981bb4ecdf4b42ae1e5d0",
                "shasum": ""
            },
            "require": {
                "bolt/bolt": "^3.0",
                "bolt/email-spooler": "^3.0",
                "google/recaptcha": "^1.1.2"
            },
            "require-dev": {
                "phpunit/phpunit": "^4.7"
            },
            "suggest": {
                "rossriley/formeditor": "A UI editor for form configuration."
            },
            "type": "bolt-extension",
            "extra": {
                "bolt-assets": "web",
                "bolt-class": "Bolt\\Extension\\Bolt\\BoltForms\\BoltFormsExtension",
                "bolt-icon": "icon-boltforms.png",
                "branch-alias": {
                    "dev-4.0": "4.0.x-dev"
                }
            },
            "autoload": {
                "psr-4": {
                    "Bolt\\Extension\\Bolt\\BoltForms\\": [
                        "src/"
                    ]
                },
                "classmap": [
                    "doc/example/"
                ]
            },
            "autoload-dev": {
                "psr-4": {
                    "Bolt\\Extension\\Bolt\\BoltForms\\Tests\\": "tests/",
                    "Bolt\\Tests\\": "vendor/bolt/bolt/tests/phpunit/unit/"
                }
            },
            "license": [
                "GPL-3.0+",
                "LGPL-3.0+"
            ],
            "authors": [
                {
                    "name": "Gawain Lynch",
                    "email": "gawain.lynch@gmail.com"
                }
            ],
            "description": "Powerful and flexible HTML form generator for Bolt based on Symfony Forms",
            "keywords": [
                "comments",
                "contact",
                "forms",
                "reCaptcha",
                "uploads"
            ],
            "support": {
                "source": "https://github.com/bolt/boltforms/tree/4.1",
                "issues": "https://github.com/bolt/boltforms/issues"
            },
            "time": "2017-11-01T09:09:14+00:00"
        },
        {
            "name": "bolt/email-spooler",
            "version": "v3.1.0",
            "source": {
                "type": "git",
                "url": "https://github.com/bolt/bolt-extension-email-spooler.git",
                "reference": "3f2fa17f4072e413e0fca4ab6b70cd440d4c3f3c"
            },
            "dist": {
                "type": "zip",
                "url": "https://api.github.com/repos/bolt/bolt-extension-email-spooler/zipball/3f2fa17f4072e413e0fca4ab6b70cd440d4c3f3c",
                "reference": "3f2fa17f4072e413e0fca4ab6b70cd440d4c3f3c",
                "shasum": ""
            },
            "require": {
                "bolt/bolt": "^3.3",
                "php": ">=5.5.9"
            },
            "type": "bolt-extension",
            "extra": {
                "bolt-class": "Bolt\\Extension\\Bolt\\EmailSpooler\\EmailSpoolerExtension",
                "branch-alias": {
                    "dev-master": "3.1.x-dev"
                }
            },
            "autoload": {
                "psr-4": {
                    "Bolt\\Extension\\Bolt\\EmailSpooler\\": "src"
                }
            },
            "license": [
                "MIT"
            ],
            "authors": [
                {
                    "name": "Gawain Lynch",
                    "email": "gawain.lynch@gmail.com"
                }
            ],
            "keywords": [
                "email",
                "spool"
            ],
            "support": {
                "source": "https://github.com/bolt/bolt-extension-email-spooler/tree/master"
            },
            "time": "2017-04-27T10:11:16+00:00"
        },
        {
            "name": "bolt/sitemap",
            "version": "2.2.3",
            "source": {
                "type": "git",
                "url": "https://github.com/bolt/Sitemap.git",
                "reference": "6f9630daa9d6f8d7f06b2483c2444d780b3ffe7d"
            },
            "dist": {
                "type": "zip",
                "url": "https://api.github.com/repos/bolt/Sitemap/zipball/6f9630daa9d6f8d7f06b2483c2444d780b3ffe7d",
                "reference": "6f9630daa9d6f8d7f06b2483c2444d780b3ffe7d",
                "shasum": ""
            },
            "require": {
                "bolt/bolt": "^3.0"
            },
            "type": "bolt-extension",
            "extra": {
                "bolt-icon": "icon-sitemap.png",
                "bolt-class": "Bolt\\Extension\\Bolt\\Sitemap\\SitemapExtension"
            },
            "autoload": {
                "psr-4": {
                    "Bolt\\Extension\\Bolt\\Sitemap\\": "src"
                }
            },
            "license": [
                "MIT"
            ],
            "authors": [
                {
                    "name": "Bob den Otter",
                    "email": "bob@twokings.nl"
                },
                {
                    "name": "Patrick van Kouteren",
                    "email": "info@wedesignit.nl"
                },
                {
                    "name": "Gawain Lynch",
                    "email": "gawain.lynch@gmail.com"
                }
            ],
            "description": "An extension to create XML sitemaps for your Bolt website.",
            "keywords": [
                "SEO",
                "sitemap"
            ],
            "support": {
                "source": "https://github.com/bolt/Sitemap/tree/2.2.3",
                "issues": "https://github.com/bolt/Sitemap/issues"
            },
            "time": "2017-06-19T12:58:13+00:00"
        },
        {
            "name": "google/recaptcha",
            "version": "1.1.3",
            "source": {
                "type": "git",
                "url": "https://github.com/google/recaptcha.git",
                "reference": "5a56d15ca10a7b75158178752b2ad8f755eb4f78"
            },
            "dist": {
                "type": "zip",
                "url": "https://api.github.com/repos/google/recaptcha/zipball/5a56d15ca10a7b75158178752b2ad8f755eb4f78",
                "reference": "5a56d15ca10a7b75158178752b2ad8f755eb4f78",
                "shasum": ""
            },
            "require": {
                "php": ">=5.5"
            },
            "require-dev": {
                "phpunit/phpunit": "^4.8"
            },
            "type": "library",
            "extra": {
                "branch-alias": {
                    "dev-master": "1.1.x-dev"
                }
            },
            "autoload": {
                "psr-4": {
                    "ReCaptcha\\": "src/ReCaptcha"
                }
            },
            "license": [
                "BSD-3-Clause"
            ],
            "description": "Client library for reCAPTCHA, a free service that protect websites from spam and abuse.",
            "homepage": "http://www.google.com/recaptcha/",
            "keywords": [
                "abuse",
                "captcha",
                "recaptcha",
                "spam"
            ],
            "support": {
                "forum": "https://groups.google.com/forum/#!forum/recaptcha",
                "source": "https://github.com/google/recaptcha",
                "issues": "https://github.com/google/recaptcha/issues"
            },
            "time": "2017-03-09T18:44:34+00:00"
        },
        {
            "name": "soapbox/taxonomyeditor",
            "version": "0.3.1",
            "source": {
                "type": "git",
                "url": "https://github.com/graham73may/bolt-taxonomy-editor.git",
                "reference": "37303a166460f647332670e3491850c69e64e86b"
            },
            "dist": {
                "type": "zip",
                "url": "https://api.github.com/repos/graham73may/bolt-taxonomy-editor/zipball/37303a166460f647332670e3491850c69e64e86b",
                "reference": "37303a166460f647332670e3491850c69e64e86b",
                "shasum": ""
            },
            "require": {
                "bolt/bolt": "^3.0"
            },
            "require-dev": {
                "phpunit/phpunit": "^4.7"
            },
            "type": "bolt-extension",
            "extra": {
                "bolt-assets": "web",
                "bolt-class": "Bolt\\Extension\\Soapbox\\TaxonomyEditor\\TaxonomyEditorExtension"
            },
            "autoload": {
                "psr-4": {
                    "Bolt\\Extension\\Soapbox\\TaxonomyEditor\\": "src",
                    "Bolt\\Extension\\Soapbox\\TaxonomyEditor\\Exceptions\\": "exceptions"
                }
            },
            "autoload-dev": {
                "psr-4": {
                    "Bolt\\Extension\\Soapbox\\TaxonomyEditor\\Tests\\": "tests",
                    "Bolt\\Tests\\": "vendor/bolt/bolt/tests/phpunit/unit/"
                }
            },
            "license": [
                "MIT"
            ],
            "authors": [
                {
                    "name": "Graham May",
                    "email": "graham.may@soapbox.co.uk"
                }
            ],
            "description": "An extension to add a GUI to edit taxonomies.",
            "keywords": [
                "categories",
                "category",
                "editor",
                "gui",
                "tags",
                "taxonomy",
                "taxonomy editor",
                "taxonomy visual editor"
            ],
            "support": {
                "source": "https://github.com/graham73may/bolt-taxonomy-editor/tree/master",
                "issues": "https://github.com/graham73may/bolt-taxonomy-editor/issues"
            },
            "time": "2017-08-02T19:07:22+00:00"
        }
    ],
    "packages-dev": [],
    "aliases": [],
    "minimum-stability": "stable",
    "stability-flags": [],
    "prefer-stable": true,
    "prefer-lowest": false,
    "platform": [],
    "platform-dev": []
}
